<?xml version="1.0" encoding="utf-8"?>
<Project ToolsVersion="4.0" xmlns="http://schemas.microsoft.com/developer/msbuild/2003">
  <ItemGroup>
    <Filter Include="Source Files">
      <UniqueIdentifier>{4FC737F1-C7A5-4376-A066-2A32D752A2FF}</UniqueIdentifier>
      <Extensions>cpp;c;cc;cxx;c++;cppm;ixx;def;odl;idl;hpj;bat;asm;asmx</Extensions>
    </Filter>
    <Filter Include="Header Files">
      <UniqueIdentifier>{93995380-89BD-4b04-88EB-625FBE52EBFB}</UniqueIdentifier>
      <Extensions>h;hh;hpp;hxx;h++;hm;inl;inc;ipp;xsd</Extensions>
    </Filter>
    <Filter Include="Resource Files">
      <UniqueIdentifier>{67DA6AB6-F800-4c08-8B7A-83BB121AAD01}</UniqueIdentifier>
      <Extensions>rc;ico;cur;bmp;dlg;rc2;rct;bin;rgs;gif;jpg;jpeg;jpe;resx;tiff;tif;png;wav;mfcribbon-ms</Extensions>
    </Filter>
    <Filter Include="Source Files\sdl_helper">
      <UniqueIdentifier>{3bcd2035-1d0c-491e-b673-d095e506d7b5}</UniqueIdentifier>
    </Filter>
    <Filter Include="Source Files\engine">
      <UniqueIdentifier>{eba2f2e7-08f8-4ec0-8d71-e13493a3ac32}</UniqueIdentifier>
    </Filter>
    <Filter Include="Source Files\engine\vkutils">
      <UniqueIdentifier>{6d6fdde9-c1a2-41b2-8132-af7fc8ac5bc2}</UniqueIdentifier>
    </Filter>
    <Filter Include="Source Files\engine\vkutils\swapchain">
      <UniqueIdentifier>{822191b5-9152-45b4-84a9-e488dc4249d7}</UniqueIdentifier>
    </Filter>
    <Filter Include="Source Files\engine\shaders">
      <UniqueIdentifier>{1985ba56-382c-44ca-b675-3e60bbaa9c85}</UniqueIdentifier>
    </Filter>
    <Filter Include="Source Files\engine\vkutils\pipeline">
      <UniqueIdentifier>{c6959573-451a-4de4-9ece-bceaa6d26fb7}</UniqueIdentifier>
    </Filter>
    <Filter Include="Source Files\engine\vkutils\mesh">
      <UniqueIdentifier>{a34500b4-a288-42d7-bbdf-412e3a67c312}</UniqueIdentifier>
    </Filter>
  </ItemGroup>
  <ItemGroup>
    <ClCompile Include="main.cpp">
      <Filter>Source Files</Filter>
    </ClCompile>
    <ClCompile Include="vkengine.cpp">
      <Filter>Source Files\engine</Filter>
    </ClCompile>
    <ClCompile Include="sdlwindow.cpp">
      <Filter>Source Files\sdl_helper</Filter>
    </ClCompile>
    <ClCompile Include="vkdebugutils.h">
      <Filter>Source Files\engine\vkutils</Filter>
    </ClCompile>
    <ClCompile Include="vkswapchainutils.cpp">
      <Filter>Source Files\engine\vkutils\swapchain</Filter>
    </ClCompile>
    <ClCompile Include="vkpipelineutils.cpp">
      <Filter>Source Files\engine\vkutils\pipeline</Filter>
    </ClCompile>
    <ClCompile Include="vkmeshutils.cpp">
      <Filter>Source Files\engine\vkutils\mesh</Filter>
    </ClCompile>
  </ItemGroup>
  <ItemGroup>
    <ClInclude Include="vkengine.h">
      <Filter>Source Files\engine</Filter>
    </ClInclude>
    <ClInclude Include="sdlwindow.h">
      <Filter>Source Files\sdl_helper</Filter>
    </ClInclude>
    <ClInclude Include="vkdeviceutils.h">
      <Filter>Source Files\engine\vkutils</Filter>
    </ClInclude>
    <ClInclude Include="vkswapchainutils.h">
      <Filter>Source Files\engine\vkutils\swapchain</Filter>
    </ClInclude>
    <ClInclude Include="vkimageutils.h">
      <Filter>Source Files\engine\vkutils</Filter>
    </ClInclude>
    <ClInclude Include="vkpipelineutils.h">
      <Filter>Source Files\engine\vkutils\pipeline</Filter>
    </ClInclude>
    <ClInclude Include="vkmeshutils.h">
      <Filter>Source Files\engine\vkutils\mesh</Filter>
    </ClInclude>
  </ItemGroup>
  <ItemGroup>
    <Text Include="shaders\shader.vert">
      <Filter>Source Files\engine\shaders</Filter>
    </Text>
    <Text Include="shaders\shader.frag">
      <Filter>Source Files\engine\shaders</Filter>
    </Text>
  </ItemGroup>
</Project>