<?xml version="1.0" encoding="utf-8"?>
<Project ToolsVersion="4.0" xmlns="http://schemas.microsoft.com/developer/msbuild/2003">
  <ItemGroup>
    <Filter Include="Source Files">
      <UniqueIdentifier>{4FC737F1-C7A5-4376-A066-2A32D752A2FF}</UniqueIdentifier>
      <Extensions>cpp;c;cc;cxx;c++;cppm;ixx;def;odl;idl;hpj;bat;asm;asmx</Extensions>
    </Filter>
    <Filter Include="Header Files">
      <UniqueIdentifier>{93995380-89BD-4b04-88EB-625FBE52EBFB}</UniqueIdentifier>
      <Extensions>h;hh;hpp;hxx;h++;hm;inl;inc;ipp;xsd</Extensions>
    </Filter>
    <Filter Include="Resource Files">
      <UniqueIdentifier>{67DA6AB6-F800-4c08-8B7A-83BB121AAD01}</UniqueIdentifier>
      <Extensions>rc;ico;cur;bmp;dlg;rc2;rct;bin;rgs;gif;jpg;jpeg;jpe;resx;tiff;tif;png;wav;mfcribbon-ms</Extensions>
    </Filter>
    <Filter Include="Resource Files\mikktspace">
      <UniqueIdentifier>{28cdfd25-0448-43d4-b39c-261578067c74}</UniqueIdentifier>
    </Filter>
    <Filter Include="Resource Files\imgui">
      <UniqueIdentifier>{0d2186a3-7ea5-4fd3-9983-e6f6c7a6cce1}</UniqueIdentifier>
    </Filter>
    <Filter Include="Source Files\shaders">
      <UniqueIdentifier>{1985ba56-382c-44ca-b675-3e60bbaa9c85}</UniqueIdentifier>
    </Filter>
    <Filter Include="Source Files\shaders\rt shaders">
      <UniqueIdentifier>{b53e54dc-849a-4cda-af5d-72aada45973d}</UniqueIdentifier>
    </Filter>
    <Filter Include="Source Files\renderer">
      <UniqueIdentifier>{eba2f2e7-08f8-4ec0-8d71-e13493a3ac32}</UniqueIdentifier>
    </Filter>
    <Filter Include="Source Files\renderer\core">
      <UniqueIdentifier>{3b8ccaa0-cc1e-460c-8e19-585b9ac83421}</UniqueIdentifier>
    </Filter>
    <Filter Include="Source Files\renderer\core\camera">
      <UniqueIdentifier>{9e408cb8-5fdf-4497-965f-1e9c79b6c068}</UniqueIdentifier>
    </Filter>
    <Filter Include="Source Files\renderer\core\culling">
      <UniqueIdentifier>{04355807-30f6-45be-b85f-d978c409fb14}</UniqueIdentifier>
    </Filter>
    <Filter Include="Source Files\renderer\core\raytracing">
      <UniqueIdentifier>{b7f6f889-dc48-4203-9dcc-8a1013c87585}</UniqueIdentifier>
    </Filter>
    <Filter Include="Source Files\renderer\core\raytracing\DDGI">
      <UniqueIdentifier>{3956cfe2-1e1f-4d13-bfcb-c60a49382163}</UniqueIdentifier>
    </Filter>
    <Filter Include="Source Files\renderer\core\shadow">
      <UniqueIdentifier>{4e44b4a4-6950-4df9-86a2-e85730c57ac3}</UniqueIdentifier>
    </Filter>
    <Filter Include="Source Files\renderer\utils">
      <UniqueIdentifier>{47b7e0cf-7464-4883-9740-31971c307686}</UniqueIdentifier>
    </Filter>
    <Filter Include="Source Files\renderer\utils\gltfutils">
      <UniqueIdentifier>{af396933-eef6-42c5-bf4b-1b2c3b236b7f}</UniqueIdentifier>
    </Filter>
    <Filter Include="Source Files\renderer\utils\vkutils">
      <UniqueIdentifier>{6d6fdde9-c1a2-41b2-8132-af7fc8ac5bc2}</UniqueIdentifier>
    </Filter>
    <Filter Include="Source Files\renderer\utils\vkutils\swapchain">
      <UniqueIdentifier>{822191b5-9152-45b4-84a9-e488dc4249d7}</UniqueIdentifier>
    </Filter>
    <Filter Include="Source Files\renderer\utils\vkutils\pipeline">
      <UniqueIdentifier>{c6959573-451a-4de4-9ece-bceaa6d26fb7}</UniqueIdentifier>
    </Filter>
    <Filter Include="Source Files\renderer\utils\vkutils\mesh">
      <UniqueIdentifier>{a34500b4-a288-42d7-bbdf-412e3a67c312}</UniqueIdentifier>
    </Filter>
    <Filter Include="Source Files\renderer\utils\vkutils\descriptor">
      <UniqueIdentifier>{b43b5751-5b81-479e-b6a3-e2cb4208b1ef}</UniqueIdentifier>
    </Filter>
    <Filter Include="Source Files\renderer\utils\vkutils\image">
      <UniqueIdentifier>{c58cb432-42a8-4d55-b466-455af9ae2e4d}</UniqueIdentifier>
    </Filter>
    <Filter Include="Source Files\renderer\utils\sdl_helper">
      <UniqueIdentifier>{3bcd2035-1d0c-491e-b673-d095e506d7b5}</UniqueIdentifier>
    </Filter>
    <Filter Include="Source Files\renderer\utils\vkutils\device">
      <UniqueIdentifier>{10afcfed-7a1d-4e41-90c2-fd95c0f4eddf}</UniqueIdentifier>
    </Filter>
    <Filter Include="Source Files\renderer\utils\vkutils\debug">
      <UniqueIdentifier>{a485a8ad-8016-4cc6-b187-7a33ab7d3646}</UniqueIdentifier>
    </Filter>
    <Filter Include="Source Files\network">
      <UniqueIdentifier>{608d8ed5-3a42-42ba-8667-a4bb85a63498}</UniqueIdentifier>
    </Filter>
    <Filter Include="Source Files\network\network_entities">
      <UniqueIdentifier>{053aada3-44ab-4d1a-936d-98dd5c0d70e5}</UniqueIdentifier>
    </Filter>
    <Filter Include="Source Files\shaders\common">
      <UniqueIdentifier>{098dc222-7420-4ee4-a9a2-3e956438305e}</UniqueIdentifier>
    </Filter>
    <Filter Include="Source Files\shaders\visualization">
      <UniqueIdentifier>{c69f709a-01f3-4965-8c25-49c89f103570}</UniqueIdentifier>
    </Filter>
    <Filter Include="Source Files\renderer\core\ui">
      <UniqueIdentifier>{dfa97c39-b09b-423a-b4b2-b5522cbdb14e}</UniqueIdentifier>
    </Filter>
    <Filter Include="Source Files\shaders\ui">
      <UniqueIdentifier>{76888cc6-17f7-495a-808b-deb35d061679}</UniqueIdentifier>
    </Filter>
    <Filter Include="Source Files\network\network_debugging">
      <UniqueIdentifier>{12437511-b37c-4bba-ac85-94ed9d2f9abb}</UniqueIdentifier>
    </Filter>
    <Filter Include="Source Files\shaders\network">
      <UniqueIdentifier>{460b37bc-2290-43c6-bf53-54a768289c21}</UniqueIdentifier>
    </Filter>
    <Filter Include="Source Files\shaders\tracers">
      <UniqueIdentifier>{d11ef101-0301-407b-8d8f-20e3e20dfcbb}</UniqueIdentifier>
    </Filter>
    <Filter Include="Source Files\renderer\core\ui\worldspace_health">
      <UniqueIdentifier>{31aea9c9-d4db-4812-ac65-b730569de467}</UniqueIdentifier>
    </Filter>
    <Filter Include="Source Files\renderer\core\animation">
      <UniqueIdentifier>{a9b7bf78-bd98-4e41-8174-3c32b5c63198}</UniqueIdentifier>
    </Filter>
    <Filter Include="Source Files\renderer\core\skybox">
      <UniqueIdentifier>{31efc7b2-9316-4783-915c-47d8dda360d8}</UniqueIdentifier>
    </Filter>
    <Filter Include="Source Files\shaders\skybox">
      <UniqueIdentifier>{185e7498-ed6a-4782-8044-bdb6ff94ef03}</UniqueIdentifier>
    </Filter>
    <Filter Include="Source Files\renderer\core\ao">
      <UniqueIdentifier>{e020e2b2-d51d-4f70-8adc-b0957857c6d8}</UniqueIdentifier>
    </Filter>
    <Filter Include="Source Files\renderer\core\decal">
      <UniqueIdentifier>{9ade2af1-9618-40a5-a238-9f906dfd0a27}</UniqueIdentifier>
    </Filter>
    <Filter Include="Source Files\renderer\utils\extra objects">
      <UniqueIdentifier>{41f15d87-6749-4ab9-89da-2ae3ca64397a}</UniqueIdentifier>
    </Filter>
    <Filter Include="Source Files\renderer\utils\extra objects\fullscreen_quad">
      <UniqueIdentifier>{edea1441-0d30-4f42-9484-be16bfe1a40b}</UniqueIdentifier>
    </Filter>
    <Filter Include="Source Files\renderer\utils\extra objects\unit_cube">
      <UniqueIdentifier>{94830179-1217-4f4c-8484-a4d21b906f2d}</UniqueIdentifier>
    </Filter>
    <Filter Include="Source Files\renderer\utils\extra objects\probe_vis">
      <UniqueIdentifier>{4a0508bc-e29d-44fe-8251-d0f3b69564a9}</UniqueIdentifier>
    </Filter>
    <Filter Include="Source Files\renderer\utils\extra objects\probe_volume_vis">
      <UniqueIdentifier>{995ad00e-5499-4fe6-b1b8-1ab1208537a2}</UniqueIdentifier>
    </Filter>
    <Filter Include="Source Files\game">
      <UniqueIdentifier>{6c1d628c-62db-4db1-a915-fb24578e3c9d}</UniqueIdentifier>
    </Filter>
    <Filter Include="Source Files\game\time">
      <UniqueIdentifier>{938847ef-989a-48a3-be34-df5e0b89a124}</UniqueIdentifier>
    </Filter>
    <Filter Include="Source Files\game\input">
      <UniqueIdentifier>{f25ec508-37e2-41f9-ad07-a3a2f13df47d}</UniqueIdentifier>
    </Filter>
    <Filter Include="Source Files\renderer\core\mesh">
      <UniqueIdentifier>{01861ab1-4a1e-4d2a-b117-e8e8ddb30020}</UniqueIdentifier>
    </Filter>
    <Filter Include="Source Files\renderer\core\mesh\static">
      <UniqueIdentifier>{90d7c6c6-cd20-4929-b3ca-2bb19a52abe8}</UniqueIdentifier>
    </Filter>
    <Filter Include="Source Files\renderer\core\mesh\skinned">
      <UniqueIdentifier>{7faf6b8b-4136-401a-aa71-36c4703e957b}</UniqueIdentifier>
    </Filter>
    <Filter Include="Source Files\game\objects">
      <UniqueIdentifier>{aa3b738b-8e9f-40d7-b76a-d75816c51b5e}</UniqueIdentifier>
    </Filter>
    <Filter Include="Source Files\game\objects\third_player">
      <UniqueIdentifier>{3fec5b7c-ed10-447b-aef0-8eb5cbf04933}</UniqueIdentifier>
    </Filter>
    <Filter Include="Source Files\game\objects\first_person">
      <UniqueIdentifier>{22d78818-3203-4924-b17b-5f852bae97c2}</UniqueIdentifier>
    </Filter>
    <Filter Include="Source Files\game\objects\guns">
      <UniqueIdentifier>{536425c2-1098-43dc-bb6e-333f2dc7ab57}</UniqueIdentifier>
    </Filter>
    <Filter Include="Source Files\game\objects\throwable">
      <UniqueIdentifier>{d468a352-76cb-4b7c-908c-c257db298a65}</UniqueIdentifier>
    </Filter>
  </ItemGroup>
  <ItemGroup>
    <ClCompile Include="main.cpp">
      <Filter>Source Files</Filter>
    </ClCompile>
    <ClCompile Include="sdlwindow.cpp">
      <Filter>Source Files\renderer\utils\sdl_helper</Filter>
    </ClCompile>
    <ClCompile Include="vkswapchainutils.cpp">
      <Filter>Source Files\renderer\utils\vkutils\swapchain</Filter>
    </ClCompile>
    <ClCompile Include="vkpipelineutils.cpp">
      <Filter>Source Files\renderer\utils\vkutils\pipeline</Filter>
    </ClCompile>
    <ClCompile Include="vkmeshutils.cpp">
      <Filter>Source Files\renderer\utils\vkutils\mesh</Filter>
    </ClCompile>
    <ClCompile Include="gltfutils.cpp">
      <Filter>Source Files\renderer\utils\gltfutils</Filter>
    </ClCompile>
    <ClCompile Include="vkdescriptorutils.cpp">
      <Filter>Source Files\renderer\utils\vkutils\descriptor</Filter>
    </ClCompile>
    <ClCompile Include="input.cpp">
      <Filter>Source Files\game\input</Filter>
    </ClCompile>
    <ClCompile Include="time.cpp">
      <Filter>Source Files\game\time</Filter>
    </ClCompile>
    <ClCompile Include="vkimageutils.cpp">
      <Filter>Source Files\renderer\utils\vkutils\image</Filter>
    </ClCompile>
    <ClCompile Include="mikktspace\mikktspace.cpp">
      <Filter>Resource Files\mikktspace</Filter>
    </ClCompile>
    <ClCompile Include="csm.cpp">
      <Filter>Source Files\renderer\core\shadow</Filter>
    </ClCompile>
    <ClCompile Include="..\..\DEV\imgui-1.92.5\imgui.cpp">
      <Filter>Resource Files\imgui</Filter>
    </ClCompile>
    <ClCompile Include="..\..\DEV\imgui-1.92.5\imgui_demo.cpp">
      <Filter>Resource Files\imgui</Filter>
    </ClCompile>
    <ClCompile Include="..\..\DEV\imgui-1.92.5\imgui_draw.cpp">
      <Filter>Resource Files\imgui</Filter>
    </ClCompile>
    <ClCompile Include="..\..\DEV\imgui-1.92.5\imgui_tables.cpp">
      <Filter>Resource Files\imgui</Filter>
    </ClCompile>
    <ClCompile Include="..\..\DEV\imgui-1.92.5\imgui_widgets.cpp">
      <Filter>Resource Files\imgui</Filter>
    </ClCompile>
    <ClCompile Include="..\..\DEV\imgui-1.92.5\backends\imgui_impl_sdl3.cpp">
      <Filter>Resource Files\imgui</Filter>
    </ClCompile>
    <ClCompile Include="..\..\DEV\imgui-1.92.5\backends\imgui_impl_vulkan.cpp">
      <Filter>Resource Files\imgui</Filter>
    </ClCompile>
    <ClCompile Include="raytracing.cpp">
      <Filter>Source Files\renderer\core\raytracing</Filter>
    </ClCompile>
    <ClCompile Include="owDDGI.cpp">
      <Filter>Source Files\renderer\core\raytracing\DDGI</Filter>
    </ClCompile>
    <ClCompile Include="fpcam.cpp">
      <Filter>Source Files\renderer\core\camera</Filter>
    </ClCompile>
    <ClCompile Include="frustumcull.cpp">
      <Filter>Source Files\renderer\core\culling</Filter>
    </ClCompile>
    <ClCompile Include="hyacinthengine.cpp">
      <Filter>Source Files\renderer\core</Filter>
    </ClCompile>
    <ClCompile Include="vkdeviceutils.cpp">
      <Filter>Source Files\renderer\utils\vkutils\device</Filter>
    </ClCompile>
    <ClCompile Include="imguihelper.cpp">
      <Filter>Source Files\renderer\utils</Filter>
    </ClCompile>
    <ClCompile Include="vkdebugutils.h">
      <Filter>Source Files\renderer\utils\vkutils\debug</Filter>
    </ClCompile>
    <ClCompile Include="vkdebugutils.cpp">
      <Filter>Source Files\renderer\utils\vkutils\debug</Filter>
    </ClCompile>
    <ClCompile Include="probevis.cpp">
      <Filter>Source Files\renderer\utils\extra objects\probe_vis</Filter>
    </ClCompile>
    <ClCompile Include="volumevis.cpp">
      <Filter>Source Files\renderer\utils\extra objects\probe_volume_vis</Filter>
    </ClCompile>
    <ClCompile Include="hyacinth_client.cpp">
      <Filter>Source Files\network</Filter>
    </ClCompile>
    <ClCompile Include="net_ent.cpp">
      <Filter>Source Files\network\network_entities</Filter>
    </ClCompile>
    <ClCompile Include="animation.cpp">
      <Filter>Source Files\renderer\core\animation</Filter>
    </ClCompile>
    <ClCompile Include="hyacinth_ui.cpp">
      <Filter>Source Files\renderer\core\ui</Filter>
    </ClCompile>
    <ClCompile Include="netDebugRenderer.cpp">
      <Filter>Source Files\network\network_debugging</Filter>
    </ClCompile>
    <ClCompile Include="worldspace_health.cpp">
      <Filter>Source Files\renderer\core\ui\worldspace_health</Filter>
    </ClCompile>
    <ClCompile Include="skybox.cpp">
      <Filter>Source Files\renderer\core\skybox</Filter>
    </ClCompile>
    <ClCompile Include="amnbient.cpp">
      <Filter>Source Files\renderer\core\ao</Filter>
    </ClCompile>
    <ClCompile Include="decals.cpp">
      <Filter>Source Files\renderer\core\decal</Filter>
    </ClCompile>
    <ClCompile Include="hcinth_assetdrawer.cpp">
      <Filter>Source Files\renderer\core\mesh</Filter>
    </ClCompile>
    <ClCompile Include="animatedgameobject.h">
      <Filter>Source Files\game\objects</Filter>
    </ClCompile>
    <ClCompile Include="hcinth_animatedmesh.cpp">
      <Filter>Source Files\renderer\core\mesh\skinned</Filter>
    </ClCompile>
    <ClCompile Include="fp_arms.cpp">
      <Filter>Source Files\game\objects\first_person</Filter>
    </ClCompile>
    <ClCompile Include="animatedgameobject.cpp">
      <Filter>Source Files\game\objects</Filter>
    </ClCompile>
    <ClCompile Include="staticgameobject.cpp">
      <Filter>Source Files\game\objects</Filter>
    </ClCompile>
    <ClCompile Include="hcinth_mesh.cpp">
      <Filter>Source Files\renderer\core\mesh\static</Filter>
    </ClCompile>
    <ClCompile Include="tp_character.cpp">
      <Filter>Source Files\game\objects\third_player</Filter>
    </ClCompile>
    <ClCompile Include="pistol.cpp">
      <Filter>Source Files\game\objects\guns</Filter>
    </ClCompile>
    <ClCompile Include="flashbang.cpp">
      <Filter>Source Files\game\objects\throwable</Filter>
    </ClCompile>
  </ItemGroup>
  <ItemGroup>
    <ClInclude Include="sdlwindow.h">
      <Filter>Source Files\renderer\utils\sdl_helper</Filter>
    </ClInclude>
    <ClInclude Include="vkswapchainutils.h">
      <Filter>Source Files\renderer\utils\vkutils\swapchain</Filter>
    </ClInclude>
    <ClInclude Include="vkpipelineutils.h">
      <Filter>Source Files\renderer\utils\vkutils\pipeline</Filter>
    </ClInclude>
    <ClInclude Include="vkmeshutils.h">
      <Filter>Source Files\renderer\utils\vkutils\mesh</Filter>
    </ClInclude>
    <ClInclude Include="gltfutils.h">
      <Filter>Source Files\renderer\utils\gltfutils</Filter>
    </ClInclude>
    <ClInclude Include="fpcam.h">
      <Filter>Source Files\renderer\core\camera</Filter>
    </ClInclude>
    <ClInclude Include="vkdescriptorutils.h">
      <Filter>Source Files\renderer\utils\vkutils\descriptor</Filter>
    </ClInclude>
    <ClInclude Include="input.h">
      <Filter>Source Files\game\input</Filter>
    </ClInclude>
    <ClInclude Include="time.h">
      <Filter>Source Files\game\time</Filter>
    </ClInclude>
    <ClInclude Include="vkimageutils.h">
      <Filter>Source Files\renderer\utils\vkutils\image</Filter>
    </ClInclude>
    <ClInclude Include="mikktspace\mikktspace.h">
      <Filter>Resource Files\mikktspace</Filter>
    </ClInclude>
    <ClInclude Include="tangentHelper.h">
      <Filter>Source Files\renderer\utils\gltfutils</Filter>
    </ClInclude>
    <ClInclude Include="csm.h">
      <Filter>Source Files\renderer\core\shadow</Filter>
    </ClInclude>
    <ClInclude Include="resource.h">
      <Filter>Header Files</Filter>
    </ClInclude>
    <ClInclude Include="..\..\DEV\imgui-1.92.5\imconfig.h">
      <Filter>Resource Files\imgui</Filter>
    </ClInclude>
    <ClInclude Include="..\..\DEV\imgui-1.92.5\imgui.h">
      <Filter>Resource Files\imgui</Filter>
    </ClInclude>
    <ClInclude Include="..\..\DEV\imgui-1.92.5\imgui_internal.h">
      <Filter>Resource Files\imgui</Filter>
    </ClInclude>
    <ClInclude Include="..\..\DEV\imgui-1.92.5\imstb_rectpack.h">
      <Filter>Resource Files\imgui</Filter>
    </ClInclude>
    <ClInclude Include="..\..\DEV\imgui-1.92.5\imstb_textedit.h">
      <Filter>Resource Files\imgui</Filter>
    </ClInclude>
    <ClInclude Include="..\..\DEV\imgui-1.92.5\imstb_truetype.h">
      <Filter>Resource Files\imgui</Filter>
    </ClInclude>
    <ClInclude Include="..\..\DEV\imgui-1.92.5\backends\imgui_impl_sdl3.h">
      <Filter>Resource Files\imgui</Filter>
    </ClInclude>
    <ClInclude Include="..\..\DEV\imgui-1.92.5\backends\imgui_impl_vulkan.h">
      <Filter>Resource Files\imgui</Filter>
    </ClInclude>
    <ClInclude Include="raytracing.h">
      <Filter>Source Files\renderer\core\raytracing</Filter>
    </ClInclude>
    <ClInclude Include="owDDGI.h">
      <Filter>Source Files\renderer\core\raytracing\DDGI</Filter>
    </ClInclude>
    <ClInclude Include="frustumcull.h">
      <Filter>Source Files\renderer\core\culling</Filter>
    </ClInclude>
    <ClInclude Include="hyacinthengine.h">
      <Filter>Source Files\renderer\core</Filter>
    </ClInclude>
    <ClInclude Include="vkdeviceutils.h">
      <Filter>Source Files\renderer\utils\vkutils\device</Filter>
    </ClInclude>
    <ClInclude Include="imguihelper.h">
      <Filter>Source Files\renderer\utils</Filter>
    </ClInclude>
    <ClInclude Include="probevis.h">
      <Filter>Source Files\renderer\utils\extra objects\probe_vis</Filter>
    </ClInclude>
    <ClInclude Include="volumevis.h">
      <Filter>Source Files\renderer\utils\extra objects\probe_volume_vis</Filter>
    </ClInclude>
    <ClInclude Include="fullscreen_quad.h">
      <Filter>Source Files\renderer\utils\extra objects\fullscreen_quad</Filter>
    </ClInclude>
    <ClInclude Include="unit_cube.h">
      <Filter>Source Files\renderer\utils\extra objects\unit_cube</Filter>
    </ClInclude>
    <ClInclude Include="hyacinth_client.h">
      <Filter>Source Files\network</Filter>
    </ClInclude>
    <ClInclude Include="net_ent.h">
      <Filter>Source Files\network\network_entities</Filter>
    </ClInclude>
    <ClInclude Include="animation.h">
      <Filter>Source Files\renderer\core\animation</Filter>
    </ClInclude>
    <ClInclude Include="hyacinth_ui.h">
      <Filter>Source Files\renderer\core\ui</Filter>
    </ClInclude>
    <ClInclude Include="netDebugRenderer.h">
      <Filter>Source Files\network\network_debugging</Filter>
    </ClInclude>
    <ClInclude Include="worldspace_health.h">
      <Filter>Source Files\renderer\core\ui\worldspace_health</Filter>
    </ClInclude>
    <ClInclude Include="skybox.h">
      <Filter>Source Files\renderer\core\skybox</Filter>
    </ClInclude>
    <ClInclude Include="ambient.h">
      <Filter>Source Files\renderer\core\ao</Filter>
    </ClInclude>
    <ClInclude Include="decals.h">
      <Filter>Source Files\renderer\core\decal</Filter>
    </ClInclude>
    <ClInclude Include="hcinth_assetdrawer.h">
      <Filter>Source Files\renderer\core\mesh</Filter>
    </ClInclude>
    <ClInclude Include="tracer_manager.h">
      <Filter>Source Files\game</Filter>
    </ClInclude>
    <ClInclude Include="hcinth_animatedmesh.h">
      <Filter>Source Files\renderer\core\mesh\skinned</Filter>
    </ClInclude>
    <ClInclude Include="hcinth_mesh.h">
      <Filter>Source Files\renderer\core\mesh\static</Filter>
    </ClInclude>
    <ClInclude Include="pistol.h">
      <Filter>Source Files\game\objects\guns</Filter>
    </ClInclude>
    <ClInclude Include="fp_arms.h">
      <Filter>Source Files\game\objects\first_person</Filter>
    </ClInclude>
    <ClInclude Include="tp_character.h">
      <Filter>Source Files\game\objects\third_player</Filter>
    </ClInclude>
    <ClInclude Include="mesh_common.h">
      <Filter>Source Files\renderer\core\mesh</Filter>
    </ClInclude>
    <ClInclude Include="staticgameobject.h">
      <Filter>Source Files\game\objects</Filter>
    </ClInclude>
    <ClInclude Include="flashbang.h">
      <Filter>Source Files\game\objects\throwable</Filter>
    </ClInclude>
  </ItemGroup>
  <ItemGroup>
    <Text Include="shaders\gbuffer.vert">
      <Filter>Source Files\shaders</Filter>
    </Text>
    <Text Include="shaders\gbuffer.frag">
      <Filter>Source Files\shaders</Filter>
    </Text>
  </ItemGroup>
  <ItemGroup>
    <None Include="shaders\shadow.vert">
      <Filter>Source Files\shaders</Filter>
    </None>
    <None Include="shaders\raygen.rgen">
      <Filter>Source Files\shaders\rt shaders</Filter>
    </None>
    <None Include="shaders\closehit.rchit">
      <Filter>Source Files\shaders\rt shaders</Filter>
    </None>
    <None Include="shaders\miss.rmiss">
      <Filter>Source Files\shaders\rt shaders</Filter>
    </None>
    <None Include="shaders\probeMiss.rmiss">
      <Filter>Source Files\shaders\rt shaders</Filter>
    </None>
    <None Include="shaders\probeCommon.glsl">
      <Filter>Source Files\shaders\rt shaders</Filter>
    </None>
    <None Include="shaders\irradianceBuild.comp">
      <Filter>Source Files\shaders\rt shaders</Filter>
    </None>
    <None Include="shaders\visibilityBuild.comp">
      <Filter>Source Files\shaders\rt shaders</Filter>
    </None>
    <None Include="shaders\frustumCull.comp">
      <Filter>Source Files\shaders</Filter>
    </None>
    <None Include="shaders\depth.vert">
      <Filter>Source Files\shaders</Filter>
    </None>
    <None Include="shaders\composite.frag">
      <Filter>Source Files\shaders</Filter>
    </None>
    <None Include="shaders\fsQuad.vert">
      <Filter>Source Files\shaders</Filter>
    </None>
    <None Include="shaders\ddgiStencil.frag">
      <Filter>Source Files\shaders</Filter>
    </None>
    <None Include="shaders\bufferInfo.glsl">
      <Filter>Source Files\shaders\common</Filter>
    </None>
    <None Include="shaders\shadowCommon.glsl">
      <Filter>Source Files\shaders\common</Filter>
    </None>
    <None Include="shaders\volumeVis.frag">
      <Filter>Source Files\shaders\visualization</Filter>
    </None>
    <None Include="shaders\volumeVis.vert">
      <Filter>Source Files\shaders\visualization</Filter>
    </None>
    <None Include="shaders\probeVis.frag">
      <Filter>Source Files\shaders\visualization</Filter>
    </None>
    <None Include="shaders\probeVis.vert">
      <Filter>Source Files\shaders\visualization</Filter>
    </None>
    <None Include="shaders\gbufferSkinned.vert">
      <Filter>Source Files\shaders</Filter>
    </None>
    <None Include="shaders\uiTex.vert">
      <Filter>Source Files\shaders\ui</Filter>
    </None>
    <None Include="shaders\uiTex.frag">
      <Filter>Source Files\shaders\ui</Filter>
    </None>
    <None Include="shaders\netEntDebug.vert">
      <Filter>Source Files\shaders\network</Filter>
    </None>
    <None Include="shaders\netEntDebug.frag">
      <Filter>Source Files\shaders\network</Filter>
    </None>
    <None Include="shaders\ddgi.frag">
      <Filter>Source Files\shaders</Filter>
    </None>
    <None Include="shaders\tracer.frag">
      <Filter>Source Files\shaders\tracers</Filter>
    </None>
    <None Include="shaders\tracer.vert">
      <Filter>Source Files\shaders\tracers</Filter>
    </None>
    <None Include="shaders\worldUI.vert">
      <Filter>Source Files\shaders\network</Filter>
    </None>
    <None Include="shaders\fxaa.frag">
      <Filter>Source Files\shaders</Filter>
    </None>
    <None Include="shaders\skybox.vert">
      <Filter>Source Files\shaders\skybox</Filter>
    </None>
    <None Include="shaders\skybox.frag">
      <Filter>Source Files\shaders\skybox</Filter>
    </None>
    <None Include="shaders\skinning.comp">
      <Filter>Source Files\shaders</Filter>
    </None>
  </ItemGroup>
</Project>