<?xml version="1.0" encoding="utf-8"?>
<Project ToolsVersion="4.0" xmlns="http://schemas.microsoft.com/developer/msbuild/2003">
  <ItemGroup>
    <Filter Include="Source Files">
      <UniqueIdentifier>{4FC737F1-C7A5-4376-A066-2A32D752A2FF}</UniqueIdentifier>
      <Extensions>cpp;c;cc;cxx;c++;cppm;ixx;def;odl;idl;hpj;bat;asm;asmx</Extensions>
    </Filter>
    <Filter Include="Header Files">
      <UniqueIdentifier>{93995380-89BD-4b04-88EB-625FBE52EBFB}</UniqueIdentifier>
      <Extensions>h;hh;hpp;hxx;h++;hm;inl;inc;ipp;xsd</Extensions>
    </Filter>
    <Filter Include="Resource Files">
      <UniqueIdentifier>{67DA6AB6-F800-4c08-8B7A-83BB121AAD01}</UniqueIdentifier>
      <Extensions>rc;ico;cur;bmp;dlg;rc2;rct;bin;rgs;gif;jpg;jpeg;jpe;resx;tiff;tif;png;wav;mfcribbon-ms</Extensions>
    </Filter>
    <Filter Include="Source Files\sdl_helper">
      <UniqueIdentifier>{3bcd2035-1d0c-491e-b673-d095e506d7b5}</UniqueIdentifier>
    </Filter>
    <Filter Include="Source Files\rendering">
      <UniqueIdentifier>{eba2f2e7-08f8-4ec0-8d71-e13493a3ac32}</UniqueIdentifier>
    </Filter>
    <Filter Include="Source Files\rendering\vkutils">
      <UniqueIdentifier>{6d6fdde9-c1a2-41b2-8132-af7fc8ac5bc2}</UniqueIdentifier>
    </Filter>
    <Filter Include="Source Files\rendering\vkutils\swapchain">
      <UniqueIdentifier>{822191b5-9152-45b4-84a9-e488dc4249d7}</UniqueIdentifier>
    </Filter>
    <Filter Include="Source Files\rendering\vkutils\pipeline">
      <UniqueIdentifier>{c6959573-451a-4de4-9ece-bceaa6d26fb7}</UniqueIdentifier>
    </Filter>
    <Filter Include="Source Files\rendering\vkutils\mesh">
      <UniqueIdentifier>{a34500b4-a288-42d7-bbdf-412e3a67c312}</UniqueIdentifier>
    </Filter>
    <Filter Include="Source Files\rendering\shaders">
      <UniqueIdentifier>{1985ba56-382c-44ca-b675-3e60bbaa9c85}</UniqueIdentifier>
    </Filter>
    <Filter Include="Source Files\rendering\gltfutils">
      <UniqueIdentifier>{af396933-eef6-42c5-bf4b-1b2c3b236b7f}</UniqueIdentifier>
    </Filter>
    <Filter Include="Source Files\rendering\camera">
      <UniqueIdentifier>{9e408cb8-5fdf-4497-965f-1e9c79b6c068}</UniqueIdentifier>
    </Filter>
    <Filter Include="Source Files\rendering\vkutils\descriptor">
      <UniqueIdentifier>{b43b5751-5b81-479e-b6a3-e2cb4208b1ef}</UniqueIdentifier>
    </Filter>
    <Filter Include="Source Files\input">
      <UniqueIdentifier>{f25ec508-37e2-41f9-ad07-a3a2f13df47d}</UniqueIdentifier>
    </Filter>
    <Filter Include="Source Files\time">
      <UniqueIdentifier>{938847ef-989a-48a3-be34-df5e0b89a124}</UniqueIdentifier>
    </Filter>
  </ItemGroup>
  <ItemGroup>
    <ClCompile Include="main.cpp">
      <Filter>Source Files</Filter>
    </ClCompile>
    <ClCompile Include="vkengine.cpp">
      <Filter>Source Files\rendering</Filter>
    </ClCompile>
    <ClCompile Include="sdlwindow.cpp">
      <Filter>Source Files\sdl_helper</Filter>
    </ClCompile>
    <ClCompile Include="vkdebugutils.h">
      <Filter>Source Files\rendering\vkutils</Filter>
    </ClCompile>
    <ClCompile Include="vkswapchainutils.cpp">
      <Filter>Source Files\rendering\vkutils\swapchain</Filter>
    </ClCompile>
    <ClCompile Include="vkpipelineutils.cpp">
      <Filter>Source Files\rendering\vkutils\pipeline</Filter>
    </ClCompile>
    <ClCompile Include="vkmeshutils.cpp">
      <Filter>Source Files\rendering\vkutils\mesh</Filter>
    </ClCompile>
    <ClCompile Include="gltfutils.cpp">
      <Filter>Source Files\rendering\gltfutils</Filter>
    </ClCompile>
    <ClCompile Include="ecshelpers.h">
      <Filter>Source Files</Filter>
    </ClCompile>
    <ClCompile Include="vkdescriptorutils.cpp">
      <Filter>Source Files\rendering\vkutils\descriptor</Filter>
    </ClCompile>
    <ClCompile Include="input.cpp">
      <Filter>Source Files\input</Filter>
    </ClCompile>
    <ClCompile Include="time.cpp">
      <Filter>Source Files\time</Filter>
    </ClCompile>
  </ItemGroup>
  <ItemGroup>
    <ClInclude Include="vkengine.h">
      <Filter>Source Files\rendering</Filter>
    </ClInclude>
    <ClInclude Include="sdlwindow.h">
      <Filter>Source Files\sdl_helper</Filter>
    </ClInclude>
    <ClInclude Include="vkdeviceutils.h">
      <Filter>Source Files\rendering\vkutils</Filter>
    </ClInclude>
    <ClInclude Include="vkswapchainutils.h">
      <Filter>Source Files\rendering\vkutils\swapchain</Filter>
    </ClInclude>
    <ClInclude Include="vkimageutils.h">
      <Filter>Source Files\rendering\vkutils</Filter>
    </ClInclude>
    <ClInclude Include="vkpipelineutils.h">
      <Filter>Source Files\rendering\vkutils\pipeline</Filter>
    </ClInclude>
    <ClInclude Include="vkmeshutils.h">
      <Filter>Source Files\rendering\vkutils\mesh</Filter>
    </ClInclude>
    <ClInclude Include="gltfutils.h">
      <Filter>Source Files\rendering\gltfutils</Filter>
    </ClInclude>
    <ClInclude Include="fpcam.h">
      <Filter>Source Files\rendering\camera</Filter>
    </ClInclude>
    <ClInclude Include="vkdescriptorutils.h">
      <Filter>Source Files\rendering\vkutils\descriptor</Filter>
    </ClInclude>
    <ClInclude Include="input.h">
      <Filter>Source Files\input</Filter>
    </ClInclude>
    <ClInclude Include="time.h">
      <Filter>Source Files\time</Filter>
    </ClInclude>
  </ItemGroup>
  <ItemGroup>
    <Text Include="shaders\shader.vert">
      <Filter>Source Files\rendering\shaders</Filter>
    </Text>
    <Text Include="shaders\shader.frag">
      <Filter>Source Files\rendering\shaders</Filter>
    </Text>
  </ItemGroup>
</Project>